
Microsoft Visual Studio Solution File, Format Version 12.00
# Visual Studio Version 16
VisualStudioVersion = 16.0.29215.179
MinimumVisualStudioVersion = 10.0.40219.1
Project("{FAE04EC0-301F-11D3-BF4B-00C04F79EFBC}") = "Kentico.MVC.VisualStudioExtensions", ".\Kentico.MVC.VisualStudioExtensions\Kentico.MVC.VisualStudioExtensions.csproj", "{9677A601-CE8F-4DA4-9B49-665A66A9DDA0}"
EndProject
Project("{FAE04EC0-301F-11D3-BF4B-00C04F79EFBC}") = "Kentico.MVC.WidgetItemTemplate", ".\Kentico.MVC.WidgetItemTemplate\Kentico.MVC.WidgetItemTemplate.csproj", "{512D9CA3-071C-43FF-976E-1D4500102908}"
EndProject
Project("{FAE04EC0-301F-11D3-BF4B-00C04F79EFBC}") = "Kentico.MVC.FormComponentItemTemplate", ".\Kentico.MVC.FormComponentItemTemplate\Kentico.MVC.FormComponentItemTemplate.csproj", "{ED9BB3C1-9481-4595-ABB7-00B6D3E0B103}"
EndProject
Project("{FAE04EC0-301F-11D3-BF4B-00C04F79EFBC}") = "Kentico.MVC.SectionItemTemplate", ".\Kentico.MVC.SectionItemTemplate\Kentico.MVC.SectionItemTemplate.csproj", "{4B4E22E2-3141-4EF5-AD7E-E615EFC2D37C}"
EndProject
Global
	GlobalSection(SolutionConfigurationPlatforms) = preSolution
		Debug|Any CPU = Debug|Any CPU
		Release|Any CPU = Release|Any CPU
	EndGlobalSection
	GlobalSection(ProjectConfigurationPlatforms) = postSolution
		{9677A601-CE8F-4DA4-9B49-665A66A9DDA0}.Debug|Any CPU.ActiveCfg = Debug|Any CPU
		{9677A601-CE8F-4DA4-9B49-665A66A9DDA0}.Debug|Any CPU.Build.0 = Debug|Any CPU
		{9677A601-CE8F-4DA4-9B49-665A66A9DDA0}.Release|Any CPU.ActiveCfg = Release|Any CPU
		{9677A601-CE8F-4DA4-9B49-665A66A9DDA0}.Release|Any CPU.Build.0 = Release|Any CPU
		{512D9CA3-071C-43FF-976E-1D4500102908}.Debug|Any CPU.ActiveCfg = Debug|Any CPU
		{512D9CA3-071C-43FF-976E-1D4500102908}.Debug|Any CPU.Build.0 = Debug|Any CPU
		{512D9CA3-071C-43FF-976E-1D4500102908}.Release|Any CPU.ActiveCfg = Release|Any CPU
		{512D9CA3-071C-43FF-976E-1D4500102908}.Release|Any CPU.Build.0 = Release|Any CPU
		{ED9BB3C1-9481-4595-ABB7-00B6D3E0B103}.Debug|Any CPU.ActiveCfg = Debug|Any CPU
		{ED9BB3C1-9481-4595-ABB7-00B6D3E0B103}.Debug|Any CPU.Build.0 = Debug|Any CPU
		{ED9BB3C1-9481-4595-ABB7-00B6D3E0B103}.Release|Any CPU.ActiveCfg = Release|Any CPU
		{ED9BB3C1-9481-4595-ABB7-00B6D3E0B103}.Release|Any CPU.Build.0 = Release|Any CPU
		{4B4E22E2-3141-4EF5-AD7E-E615EFC2D37C}.Debug|Any CPU.ActiveCfg = Debug|Any CPU
		{4B4E22E2-3141-4EF5-AD7E-E615EFC2D37C}.Debug|Any CPU.Build.0 = Debug|Any CPU
		{4B4E22E2-3141-4EF5-AD7E-E615EFC2D37C}.Release|Any CPU.ActiveCfg = Release|Any CPU
		{4B4E22E2-3141-4EF5-AD7E-E615EFC2D37C}.Release|Any CPU.Build.0 = Release|Any CPU
	EndGlobalSection
	GlobalSection(SolutionProperties) = preSolution
		HideSolutionNode = FALSE
	EndGlobalSection
	GlobalSection(ExtensibilityGlobals) = postSolution
		SolutionGuid = {33D81273-2DCF-4CD9-96AD-B50413B91681}
	EndGlobalSection
EndGlobal
